
Microsoft Visual Studio Solution File, Format Version 12.00
# Visual Studio 14
VisualStudioVersion = 14.0.25420.1
MinimumVisualStudioVersion = 10.0.40219.1
Project("{FAE04EC0-301F-11D3-BF4B-00C04F79EFBC}") = "TakeVideoCameraCrash.Android", "TakeVideoCameraCrash\TakeVideoCameraCrash.Android\TakeVideoCameraCrash.Android.csproj", "{2DC9E94E-94EB-4E88-B7F1-710959A53A9B}"
EndProject
Project("{FAE04EC0-301F-11D3-BF4B-00C04F79EFBC}") = "TakeVideoCameraCrash", "TakeVideoCameraCrash\TakeVideoCameraCrash\TakeVideoCameraCrash.csproj", "{4851F95B-BAEB-4095-9E42-AAC4EE473201}"
EndProject
Project("{FAE04EC0-301F-11D3-BF4B-00C04F79EFBC}") = "TakeVideoCameraCrash.iOS", "TakeVideoCameraCrash\TakeVideoCameraCrash.iOS\TakeVideoCameraCrash.iOS.csproj", "{0E2AE4E6-D651-400B-9B25-0FAA491FB46D}"
EndProject
Global
	GlobalSection(SolutionConfigurationPlatforms) = preSolution
		Ad-Hoc|Any CPU = Ad-Hoc|Any CPU
		Ad-Hoc|iPhone = Ad-Hoc|iPhone
		Ad-Hoc|iPhoneSimulator = Ad-Hoc|iPhoneSimulator
		AppStore|Any CPU = AppStore|Any CPU
		AppStore|iPhone = AppStore|iPhone
		AppStore|iPhoneSimulator = AppStore|iPhoneSimulator
		Debug|Any CPU = Debug|Any CPU
		Debug|iPhone = Debug|iPhone
		Debug|iPhoneSimulator = Debug|iPhoneSimulator
		Release|Any CPU = Release|Any CPU
		Release|iPhone = Release|iPhone
		Release|iPhoneSimulator = Release|iPhoneSimulator
	EndGlobalSection
	GlobalSection(ProjectConfigurationPlatforms) = postSolution
		{2DC9E94E-94EB-4E88-B7F1-710959A53A9B}.Ad-Hoc|Any CPU.ActiveCfg = Release|Any CPU
		{2DC9E94E-94EB-4E88-B7F1-710959A53A9B}.Ad-Hoc|Any CPU.Build.0 = Release|Any CPU
		{2DC9E94E-94EB-4E88-B7F1-710959A53A9B}.Ad-Hoc|Any CPU.Deploy.0 = Release|Any CPU
		{2DC9E94E-94EB-4E88-B7F1-710959A53A9B}.Ad-Hoc|iPhone.ActiveCfg = Release|Any CPU
		{2DC9E94E-94EB-4E88-B7F1-710959A53A9B}.Ad-Hoc|iPhone.Build.0 = Release|Any CPU
		{2DC9E94E-94EB-4E88-B7F1-710959A53A9B}.Ad-Hoc|iPhone.Deploy.0 = Release|Any CPU
		{2DC9E94E-94EB-4E88-B7F1-710959A53A9B}.Ad-Hoc|iPhoneSimulator.ActiveCfg = Release|Any CPU
		{2DC9E94E-94EB-4E88-B7F1-710959A53A9B}.Ad-Hoc|iPhoneSimulator.Build.0 = Release|Any CPU
		{2DC9E94E-94EB-4E88-B7F1-710959A53A9B}.Ad-Hoc|iPhoneSimulator.Deploy.0 = Release|Any CPU
		{2DC9E94E-94EB-4E88-B7F1-710959A53A9B}.AppStore|Any CPU.ActiveCfg = Release|Any CPU
		{2DC9E94E-94EB-4E88-B7F1-710959A53A9B}.AppStore|Any CPU.Build.0 = Release|Any CPU
		{2DC9E94E-94EB-4E88-B7F1-710959A53A9B}.AppStore|Any CPU.Deploy.0 = Release|Any CPU
		{2DC9E94E-94EB-4E88-B7F1-710959A53A9B}.AppStore|iPhone.ActiveCfg = Release|Any CPU
		{2DC9E94E-94EB-4E88-B7F1-710959A53A9B}.AppStore|iPhone.Build.0 = Release|Any CPU
		{2DC9E94E-94EB-4E88-B7F1-710959A53A9B}.AppStore|iPhone.Deploy.0 = Release|Any CPU
		{2DC9E94E-94EB-4E88-B7F1-710959A53A9B}.AppStore|iPhoneSimulator.ActiveCfg = Release|Any CPU
		{2DC9E94E-94EB-4E88-B7F1-710959A53A9B}.AppStore|iPhoneSimulator.Build.0 = Release|Any CPU
		{2DC9E94E-94EB-4E88-B7F1-710959A53A9B}.AppStore|iPhoneSimulator.Deploy.0 = Release|Any CPU
		{2DC9E94E-94EB-4E88-B7F1-710959A53A9B}.Debug|Any CPU.ActiveCfg = Debug|Any CPU
		{2DC9E94E-94EB-4E88-B7F1-710959A53A9B}.Debug|Any CPU.Build.0 = Debug|Any CPU
		{2DC9E94E-94EB-4E88-B7F1-710959A53A9B}.Debug|Any CPU.Deploy.0 = Debug|Any CPU
		{2DC9E94E-94EB-4E88-B7F1-710959A53A9B}.Debug|iPhone.ActiveCfg = Debug|Any CPU
		{2DC9E94E-94EB-4E88-B7F1-710959A53A9B}.Debug|iPhone.Build.0 = Debug|Any CPU
		{2DC9E94E-94EB-4E88-B7F1-710959A53A9B}.Debug|iPhone.Deploy.0 = Debug|Any CPU
		{2DC9E94E-94EB-4E88-B7F1-710959A53A9B}.Debug|iPhoneSimulator.ActiveCfg = Debug|Any CPU
		{2DC9E94E-94EB-4E88-B7F1-710959A53A9B}.Debug|iPhoneSimulator.Build.0 = Debug|Any CPU
		{2DC9E94E-94EB-4E88-B7F1-710959A53A9B}.Debug|iPhoneSimulator.Deploy.0 = Debug|Any CPU
		{2DC9E94E-94EB-4E88-B7F1-710959A53A9B}.Release|Any CPU.ActiveCfg = Release|Any CPU
		{2DC9E94E-94EB-4E88-B7F1-710959A53A9B}.Release|Any CPU.Build.0 = Release|Any CPU
		{2DC9E94E-94EB-4E88-B7F1-710959A53A9B}.Release|Any CPU.Deploy.0 = Release|Any CPU
		{2DC9E94E-94EB-4E88-B7F1-710959A53A9B}.Release|iPhone.ActiveCfg = Release|Any CPU
		{2DC9E94E-94EB-4E88-B7F1-710959A53A9B}.Release|iPhone.Build.0 = Release|Any CPU
		{2DC9E94E-94EB-4E88-B7F1-710959A53A9B}.Release|iPhone.Deploy.0 = Release|Any CPU
		{2DC9E94E-94EB-4E88-B7F1-710959A53A9B}.Release|iPhoneSimulator.ActiveCfg = Release|Any CPU
		{2DC9E94E-94EB-4E88-B7F1-710959A53A9B}.Release|iPhoneSimulator.Build.0 = Release|Any CPU
		{2DC9E94E-94EB-4E88-B7F1-710959A53A9B}.Release|iPhoneSimulator.Deploy.0 = Release|Any CPU
		{4851F95B-BAEB-4095-9E42-AAC4EE473201}.Ad-Hoc|Any CPU.ActiveCfg = Release|Any CPU
		{4851F95B-BAEB-4095-9E42-AAC4EE473201}.Ad-Hoc|Any CPU.Build.0 = Release|Any CPU
		{4851F95B-BAEB-4095-9E42-AAC4EE473201}.Ad-Hoc|iPhone.ActiveCfg = Release|Any CPU
		{4851F95B-BAEB-4095-9E42-AAC4EE473201}.Ad-Hoc|iPhone.Build.0 = Release|Any CPU
		{4851F95B-BAEB-4095-9E42-AAC4EE473201}.Ad-Hoc|iPhoneSimulator.ActiveCfg = Release|Any CPU
		{4851F95B-BAEB-4095-9E42-AAC4EE473201}.Ad-Hoc|iPhoneSimulator.Build.0 = Release|Any CPU
		{4851F95B-BAEB-4095-9E42-AAC4EE473201}.AppStore|Any CPU.ActiveCfg = Release|Any CPU
		{4851F95B-BAEB-4095-9E42-AAC4EE473201}.AppStore|Any CPU.Build.0 = Release|Any CPU
		{4851F95B-BAEB-4095-9E42-AAC4EE473201}.AppStore|iPhone.ActiveCfg = Release|Any CPU
		{4851F95B-BAEB-4095-9E42-AAC4EE473201}.AppStore|iPhone.Build.0 = Release|Any CPU
		{4851F95B-BAEB-4095-9E42-AAC4EE473201}.AppStore|iPhoneSimulator.ActiveCfg = Release|Any CPU
		{4851F95B-BAEB-4095-9E42-AAC4EE473201}.AppStore|iPhoneSimulator.Build.0 = Release|Any CPU
		{4851F95B-BAEB-4095-9E42-AAC4EE473201}.Debug|Any CPU.ActiveCfg = Debug|Any CPU
		{4851F95B-BAEB-4095-9E42-AAC4EE473201}.Debug|Any CPU.Build.0 = Debug|Any CPU
		{4851F95B-BAEB-4095-9E42-AAC4EE473201}.Debug|iPhone.ActiveCfg = Debug|Any CPU
		{4851F95B-BAEB-4095-9E42-AAC4EE473201}.Debug|iPhone.Build.0 = Debug|Any CPU
		{4851F95B-BAEB-4095-9E42-AAC4EE473201}.Debug|iPhoneSimulator.ActiveCfg = Debug|Any CPU
		{4851F95B-BAEB-4095-9E42-AAC4EE473201}.Debug|iPhoneSimulator.Build.0 = Debug|Any CPU
		{4851F95B-BAEB-4095-9E42-AAC4EE473201}.Release|Any CPU.ActiveCfg = Release|Any CPU
		{4851F95B-BAEB-4095-9E42-AAC4EE473201}.Release|Any CPU.Build.0 = Release|Any CPU
		{4851F95B-BAEB-4095-9E42-AAC4EE473201}.Release|iPhone.ActiveCfg = Release|Any CPU
		{4851F95B-BAEB-4095-9E42-AAC4EE473201}.Release|iPhone.Build.0 = Release|Any CPU
		{4851F95B-BAEB-4095-9E42-AAC4EE473201}.Release|iPhoneSimulator.ActiveCfg = Release|Any CPU
		{4851F95B-BAEB-4095-9E42-AAC4EE473201}.Release|iPhoneSimulator.Build.0 = Release|Any CPU
		{0E2AE4E6-D651-400B-9B25-0FAA491FB46D}.Ad-Hoc|Any CPU.ActiveCfg = Ad-Hoc|iPhone
		{0E2AE4E6-D651-400B-9B25-0FAA491FB46D}.Ad-Hoc|iPhone.ActiveCfg = Ad-Hoc|iPhone
		{0E2AE4E6-D651-400B-9B25-0FAA491FB46D}.Ad-Hoc|iPhone.Build.0 = Ad-Hoc|iPhone
		{0E2AE4E6-D651-400B-9B25-0FAA491FB46D}.Ad-Hoc|iPhoneSimulator.ActiveCfg = Ad-Hoc|iPhoneSimulator
		{0E2AE4E6-D651-400B-9B25-0FAA491FB46D}.Ad-Hoc|iPhoneSimulator.Build.0 = Ad-Hoc|iPhoneSimulator
		{0E2AE4E6-D651-400B-9B25-0FAA491FB46D}.AppStore|Any CPU.ActiveCfg = AppStore|iPhone
		{0E2AE4E6-D651-400B-9B25-0FAA491FB46D}.AppStore|iPhone.ActiveCfg = AppStore|iPhone
		{0E2AE4E6-D651-400B-9B25-0FAA491FB46D}.AppStore|iPhone.Build.0 = AppStore|iPhone
		{0E2AE4E6-D651-400B-9B25-0FAA491FB46D}.AppStore|iPhoneSimulator.ActiveCfg = AppStore|iPhoneSimulator
		{0E2AE4E6-D651-400B-9B25-0FAA491FB46D}.AppStore|iPhoneSimulator.Build.0 = AppStore|iPhoneSimulator
		{0E2AE4E6-D651-400B-9B25-0FAA491FB46D}.Debug|Any CPU.ActiveCfg = Debug|iPhone
		{0E2AE4E6-D651-400B-9B25-0FAA491FB46D}.Debug|iPhone.ActiveCfg = Debug|iPhone
		{0E2AE4E6-D651-400B-9B25-0FAA491FB46D}.Debug|iPhone.Build.0 = Debug|iPhone
		{0E2AE4E6-D651-400B-9B25-0FAA491FB46D}.Debug|iPhoneSimulator.ActiveCfg = Debug|iPhoneSimulator
		{0E2AE4E6-D651-400B-9B25-0FAA491FB46D}.Debug|iPhoneSimulator.Build.0 = Debug|iPhoneSimulator
		{0E2AE4E6-D651-400B-9B25-0FAA491FB46D}.Release|Any CPU.ActiveCfg = Release|iPhone
		{0E2AE4E6-D651-400B-9B25-0FAA491FB46D}.Release|iPhone.ActiveCfg = Release|iPhone
		{0E2AE4E6-D651-400B-9B25-0FAA491FB46D}.Release|iPhone.Build.0 = Release|iPhone
		{0E2AE4E6-D651-400B-9B25-0FAA491FB46D}.Release|iPhoneSimulator.ActiveCfg = Release|iPhoneSimulator
		{0E2AE4E6-D651-400B-9B25-0FAA491FB46D}.Release|iPhoneSimulator.Build.0 = Release|iPhoneSimulator
	EndGlobalSection
	GlobalSection(SolutionProperties) = preSolution
		HideSolutionNode = FALSE
	EndGlobalSection
EndGlobal
